// !$*UTF8*$!
{
	archiveVersion = 1;
	classes = {
	};
	objectVersion = 51;
	objects = {

/* Begin PBXBuildFile section */
		3C1A19452617512C002BC341 /* AppDelegate.swift in Sources */ = {isa = PBXBuildFile; fileRef = 3C1A19442617512C002BC341 /* AppDelegate.swift */; };
		3C1A19472617512C002BC341 /* SceneDelegate.swift in Sources */ = {isa = PBXBuildFile; fileRef = 3C1A19462617512C002BC341 /* SceneDelegate.swift */; };
		3C1A194A2617512C002BC341 /* SimpleYoutubeApp.xcdatamodeld in Sources */ = {isa = PBXBuildFile; fileRef = 3C1A19482617512C002BC341 /* SimpleYoutubeApp.xcdatamodeld */; };
		3C1A194E2617512F002BC341 /* Assets.xcassets in Resources */ = {isa = PBXBuildFile; fileRef = 3C1A194D2617512F002BC341 /* Assets.xcassets */; };
		3C1A19512617512F002BC341 /* Preview Assets.xcassets in Resources */ = {isa = PBXBuildFile; fileRef = 3C1A19502617512F002BC341 /* Preview Assets.xcassets */; };
		3C1A19542617512F002BC341 /* LaunchScreen.storyboard in Resources */ = {isa = PBXBuildFile; fileRef = 3C1A19522617512F002BC341 /* LaunchScreen.storyboard */; };
		3C1A195F26175130002BC341 /* SimpleYoutubeAppTests.swift in Sources */ = {isa = PBXBuildFile; fileRef = 3C1A195E26175130002BC341 /* SimpleYoutubeAppTests.swift */; };
		3C1A196A26175130002BC341 /* SimpleYoutubeAppUITests.swift in Sources */ = {isa = PBXBuildFile; fileRef = 3C1A196926175130002BC341 /* SimpleYoutubeAppUITests.swift */; };
		3C1A197B26175455002BC341 /* SearchView.swift in Sources */ = {isa = PBXBuildFile; fileRef = 3C1A197A26175455002BC341 /* SearchView.swift */; };
		3C1A198026175929002BC341 /* VideoSnippet.swift in Sources */ = {isa = PBXBuildFile; fileRef = 3C1A197F26175929002BC341 /* VideoSnippet.swift */; };
		3C1A198226175D6B002BC341 /* YoutubeAPIError.swift in Sources */ = {isa = PBXBuildFile; fileRef = 3C1A198126175D6B002BC341 /* YoutubeAPIError.swift */; };
		3C1A1989261771AA002BC341 /* YoutubeService.swift in Sources */ = {isa = PBXBuildFile; fileRef = 3C1A1988261771AA002BC341 /* YoutubeService.swift */; };
		3C1A198B261772EB002BC341 /* YoutubeServiceImpl.swift in Sources */ = {isa = PBXBuildFile; fileRef = 3C1A198A261772EB002BC341 /* YoutubeServiceImpl.swift */; };
		3C1A198D261773FD002BC341 /* YoutubeServiceTestImpl.swift in Sources */ = {isa = PBXBuildFile; fileRef = 3C1A198C261773FD002BC341 /* YoutubeServiceTestImpl.swift */; };
		3C1A1990261774A7002BC341 /* APIConstant.swift in Sources */ = {isa = PBXBuildFile; fileRef = 3C1A198F261774A7002BC341 /* APIConstant.swift */; };
		3C1A1993261778A8002BC341 /* Configuration.swift in Sources */ = {isa = PBXBuildFile; fileRef = 3C1A1992261778A8002BC341 /* Configuration.swift */; };
		3C1A199626177B45002BC341 /* NetworkClient.swift in Sources */ = {isa = PBXBuildFile; fileRef = 3C1A199526177B45002BC341 /* NetworkClient.swift */; };
		3C1A19982617914D002BC341 /* VideoSearchResult.swift in Sources */ = {isa = PBXBuildFile; fileRef = 3C1A19972617914D002BC341 /* VideoSearchResult.swift */; };
		3C1A199C2617A5EB002BC341 /* YoutubeRepository.swift in Sources */ = {isa = PBXBuildFile; fileRef = 3C1A199B2617A5EB002BC341 /* YoutubeRepository.swift */; };
		3C1A199E2617A755002BC341 /* YoutubeRepositoryImpl.swift in Sources */ = {isa = PBXBuildFile; fileRef = 3C1A199D2617A755002BC341 /* YoutubeRepositoryImpl.swift */; };
		3C1A19A32617AF85002BC341 /* SearchViewModel.swift in Sources */ = {isa = PBXBuildFile; fileRef = 3C1A19A22617AF85002BC341 /* SearchViewModel.swift */; };
		3C1A19A52617C45D002BC341 /* VideoSnippetView.swift in Sources */ = {isa = PBXBuildFile; fileRef = 3C1A19A42617C45D002BC341 /* VideoSnippetView.swift */; };
		3C1A19B12617EF9A002BC341 /* CustomActivityIndicator.swift in Sources */ = {isa = PBXBuildFile; fileRef = 3C1A19B02617EF9A002BC341 /* CustomActivityIndicator.swift */; };
		3C1A19B32617F2A6002BC341 /* Color.swift in Sources */ = {isa = PBXBuildFile; fileRef = 3C1A19B22617F2A6002BC341 /* Color.swift */; };
		3C1A19B52617F3F9002BC341 /* LoadingView.swift in Sources */ = {isa = PBXBuildFile; fileRef = 3C1A19B42617F3F9002BC341 /* LoadingView.swift */; };
		3C1A19B72617F488002BC341 /* ErrorView.swift in Sources */ = {isa = PBXBuildFile; fileRef = 3C1A19B62617F488002BC341 /* ErrorView.swift */; };
		3C1A19B92617F891002BC341 /* VideoListView.swift in Sources */ = {isa = PBXBuildFile; fileRef = 3C1A19B82617F891002BC341 /* VideoListView.swift */; };
		3C1A19BC261803FA002BC341 /* Date.swift in Sources */ = {isa = PBXBuildFile; fileRef = 3C1A19BB261803FA002BC341 /* Date.swift */; };
		3C1A19BE261807CC002BC341 /* UIApplication.swift in Sources */ = {isa = PBXBuildFile; fileRef = 3C1A19BD261807CC002BC341 /* UIApplication.swift */; };
		3CB0304F2618D18800D2B91D /* YouTubeControlState.swift in Sources */ = {isa = PBXBuildFile; fileRef = 3CB0304E2618D18800D2B91D /* YouTubeControlState.swift */; };
		3CB030512618D1F700D2B91D /* YouTubeView.swift in Sources */ = {isa = PBXBuildFile; fileRef = 3CB030502618D1F700D2B91D /* YouTubeView.swift */; };
		3CB030542618D4F900D2B91D /* VideoPlayerView.swift in Sources */ = {isa = PBXBuildFile; fileRef = 3CB030532618D4F900D2B91D /* VideoPlayerView.swift */; };
		69D3D12260DD94D32B48077C /* Pods_SimpleYoutubeApp_SimpleYoutubeAppUITests.framework in Frameworks */ = {isa = PBXBuildFile; fileRef = 23FE2BF32EFE79B34BBC8634 /* Pods_SimpleYoutubeApp_SimpleYoutubeAppUITests.framework */; };
		DB282DF8F2BC12BFE647743D /* Pods_SimpleYoutubeAppTests.framework in Frameworks */ = {isa = PBXBuildFile; fileRef = 3070997ABBC7B94876531614 /* Pods_SimpleYoutubeAppTests.framework */; };
		DD31F3A96DF614CAABE227D8 /* Pods_SimpleYoutubeApp.framework in Frameworks */ = {isa = PBXBuildFile; fileRef = 15595124006D481A4D87BAA4 /* Pods_SimpleYoutubeApp.framework */; };
/* End PBXBuildFile section */

/* Begin PBXContainerItemProxy section */
		3C1A195B26175130002BC341 /* PBXContainerItemProxy */ = {
			isa = PBXContainerItemProxy;
			containerPortal = 3C1A19392617512C002BC341 /* Project object */;
			proxyType = 1;
			remoteGlobalIDString = 3C1A19402617512C002BC341;
			remoteInfo = SimpleYoutubeApp;
		};
		3C1A196626175130002BC341 /* PBXContainerItemProxy */ = {
			isa = PBXContainerItemProxy;
			containerPortal = 3C1A19392617512C002BC341 /* Project object */;
			proxyType = 1;
			remoteGlobalIDString = 3C1A19402617512C002BC341;
			remoteInfo = SimpleYoutubeApp;
		};
/* End PBXContainerItemProxy section */

/* Begin PBXFileReference section */
		15595124006D481A4D87BAA4 /* Pods_SimpleYoutubeApp.framework */ = {isa = PBXFileReference; explicitFileType = wrapper.framework; includeInIndex = 0; path = Pods_SimpleYoutubeApp.framework; sourceTree = BUILT_PRODUCTS_DIR; };
		23FE2BF32EFE79B34BBC8634 /* Pods_SimpleYoutubeApp_SimpleYoutubeAppUITests.framework */ = {isa = PBXFileReference; explicitFileType = wrapper.framework; includeInIndex = 0; path = Pods_SimpleYoutubeApp_SimpleYoutubeAppUITests.framework; sourceTree = BUILT_PRODUCTS_DIR; };
		25794365F5A9FF0C4614D280 /* Pods-SimpleYoutubeApp.debug.xcconfig */ = {isa = PBXFileReference; includeInIndex = 1; lastKnownFileType = text.xcconfig; name = "Pods-SimpleYoutubeApp.debug.xcconfig"; path = "Target Support Files/Pods-SimpleYoutubeApp/Pods-SimpleYoutubeApp.debug.xcconfig"; sourceTree = "<group>"; };
		3070997ABBC7B94876531614 /* Pods_SimpleYoutubeAppTests.framework */ = {isa = PBXFileReference; explicitFileType = wrapper.framework; includeInIndex = 0; path = Pods_SimpleYoutubeAppTests.framework; sourceTree = BUILT_PRODUCTS_DIR; };
		3C1A19412617512C002BC341 /* Simple YT.app */ = {isa = PBXFileReference; explicitFileType = wrapper.application; includeInIndex = 0; path = "Simple YT.app"; sourceTree = BUILT_PRODUCTS_DIR; };
		3C1A19442617512C002BC341 /* AppDelegate.swift */ = {isa = PBXFileReference; lastKnownFileType = sourcecode.swift; path = AppDelegate.swift; sourceTree = "<group>"; };
		3C1A19462617512C002BC341 /* SceneDelegate.swift */ = {isa = PBXFileReference; lastKnownFileType = sourcecode.swift; path = SceneDelegate.swift; sourceTree = "<group>"; };
		3C1A19492617512C002BC341 /* SimpleYoutubeApp.xcdatamodel */ = {isa = PBXFileReference; lastKnownFileType = wrapper.xcdatamodel; path = SimpleYoutubeApp.xcdatamodel; sourceTree = "<group>"; };
		3C1A194D2617512F002BC341 /* Assets.xcassets */ = {isa = PBXFileReference; lastKnownFileType = folder.assetcatalog; path = Assets.xcassets; sourceTree = "<group>"; };
		3C1A19502617512F002BC341 /* Preview Assets.xcassets */ = {isa = PBXFileReference; lastKnownFileType = folder.assetcatalog; path = "Preview Assets.xcassets"; sourceTree = "<group>"; };
		3C1A19532617512F002BC341 /* Base */ = {isa = PBXFileReference; lastKnownFileType = file.storyboard; name = Base; path = Base.lproj/LaunchScreen.storyboard; sourceTree = "<group>"; };
		3C1A19552617512F002BC341 /* Info.plist */ = {isa = PBXFileReference; lastKnownFileType = text.plist.xml; path = Info.plist; sourceTree = "<group>"; };
		3C1A195A26175130002BC341 /* SimpleYoutubeAppTests.xctest */ = {isa = PBXFileReference; explicitFileType = wrapper.cfbundle; includeInIndex = 0; path = SimpleYoutubeAppTests.xctest; sourceTree = BUILT_PRODUCTS_DIR; };
		3C1A195E26175130002BC341 /* SimpleYoutubeAppTests.swift */ = {isa = PBXFileReference; lastKnownFileType = sourcecode.swift; path = SimpleYoutubeAppTests.swift; sourceTree = "<group>"; };
		3C1A196026175130002BC341 /* Info.plist */ = {isa = PBXFileReference; lastKnownFileType = text.plist.xml; path = Info.plist; sourceTree = "<group>"; };
		3C1A196526175130002BC341 /* SimpleYoutubeAppUITests.xctest */ = {isa = PBXFileReference; explicitFileType = wrapper.cfbundle; includeInIndex = 0; path = SimpleYoutubeAppUITests.xctest; sourceTree = BUILT_PRODUCTS_DIR; };
		3C1A196926175130002BC341 /* SimpleYoutubeAppUITests.swift */ = {isa = PBXFileReference; lastKnownFileType = sourcecode.swift; path = SimpleYoutubeAppUITests.swift; sourceTree = "<group>"; };
		3C1A196B26175130002BC341 /* Info.plist */ = {isa = PBXFileReference; lastKnownFileType = text.plist.xml; path = Info.plist; sourceTree = "<group>"; };
		3C1A197A26175455002BC341 /* SearchView.swift */ = {isa = PBXFileReference; lastKnownFileType = sourcecode.swift; path = SearchView.swift; sourceTree = "<group>"; };
		3C1A197F26175929002BC341 /* VideoSnippet.swift */ = {isa = PBXFileReference; lastKnownFileType = sourcecode.swift; path = VideoSnippet.swift; sourceTree = "<group>"; };
		3C1A198126175D6B002BC341 /* YoutubeAPIError.swift */ = {isa = PBXFileReference; lastKnownFileType = sourcecode.swift; path = YoutubeAPIError.swift; sourceTree = "<group>"; };
		3C1A1984261769A1002BC341 /* Config.xcconfig */ = {isa = PBXFileReference; lastKnownFileType = text.xcconfig; path = Config.xcconfig; sourceTree = SOURCE_ROOT; };
		3C1A1988261771AA002BC341 /* YoutubeService.swift */ = {isa = PBXFileReference; lastKnownFileType = sourcecode.swift; path = YoutubeService.swift; sourceTree = "<group>"; };
		3C1A198A261772EB002BC341 /* YoutubeServiceImpl.swift */ = {isa = PBXFileReference; lastKnownFileType = sourcecode.swift; path = YoutubeServiceImpl.swift; sourceTree = "<group>"; };
		3C1A198C261773FD002BC341 /* YoutubeServiceTestImpl.swift */ = {isa = PBXFileReference; lastKnownFileType = sourcecode.swift; path = YoutubeServiceTestImpl.swift; sourceTree = "<group>"; };
		3C1A198F261774A7002BC341 /* APIConstant.swift */ = {isa = PBXFileReference; lastKnownFileType = sourcecode.swift; path = APIConstant.swift; sourceTree = "<group>"; };
		3C1A1992261778A8002BC341 /* Configuration.swift */ = {isa = PBXFileReference; lastKnownFileType = sourcecode.swift; path = Configuration.swift; sourceTree = "<group>"; };
		3C1A199526177B45002BC341 /* NetworkClient.swift */ = {isa = PBXFileReference; lastKnownFileType = sourcecode.swift; path = NetworkClient.swift; sourceTree = "<group>"; };
		3C1A19972617914D002BC341 /* VideoSearchResult.swift */ = {isa = PBXFileReference; lastKnownFileType = sourcecode.swift; path = VideoSearchResult.swift; sourceTree = "<group>"; };
		3C1A199B2617A5EB002BC341 /* YoutubeRepository.swift */ = {isa = PBXFileReference; lastKnownFileType = sourcecode.swift; path = YoutubeRepository.swift; sourceTree = "<group>"; };
		3C1A199D2617A755002BC341 /* YoutubeRepositoryImpl.swift */ = {isa = PBXFileReference; lastKnownFileType = sourcecode.swift; path = YoutubeRepositoryImpl.swift; sourceTree = "<group>"; };
		3C1A19A22617AF85002BC341 /* SearchViewModel.swift */ = {isa = PBXFileReference; lastKnownFileType = sourcecode.swift; path = SearchViewModel.swift; sourceTree = "<group>"; };
		3C1A19A42617C45D002BC341 /* VideoSnippetView.swift */ = {isa = PBXFileReference; lastKnownFileType = sourcecode.swift; path = VideoSnippetView.swift; sourceTree = "<group>"; };
		3C1A19B02617EF9A002BC341 /* CustomActivityIndicator.swift */ = {isa = PBXFileReference; lastKnownFileType = sourcecode.swift; path = CustomActivityIndicator.swift; sourceTree = "<group>"; };
		3C1A19B22617F2A6002BC341 /* Color.swift */ = {isa = PBXFileReference; lastKnownFileType = sourcecode.swift; path = Color.swift; sourceTree = "<group>"; };
		3C1A19B42617F3F9002BC341 /* LoadingView.swift */ = {isa = PBXFileReference; lastKnownFileType = sourcecode.swift; path = LoadingView.swift; sourceTree = "<group>"; };
		3C1A19B62617F488002BC341 /* ErrorView.swift */ = {isa = PBXFileReference; lastKnownFileType = sourcecode.swift; path = ErrorView.swift; sourceTree = "<group>"; };
		3C1A19B82617F891002BC341 /* VideoListView.swift */ = {isa = PBXFileReference; lastKnownFileType = sourcecode.swift; path = VideoListView.swift; sourceTree = "<group>"; };
		3C1A19BB261803FA002BC341 /* Date.swift */ = {isa = PBXFileReference; lastKnownFileType = sourcecode.swift; path = Date.swift; sourceTree = "<group>"; };
		3C1A19BD261807CC002BC341 /* UIApplication.swift */ = {isa = PBXFileReference; lastKnownFileType = sourcecode.swift; path = UIApplication.swift; sourceTree = "<group>"; };
		3CB0304E2618D18800D2B91D /* YouTubeControlState.swift */ = {isa = PBXFileReference; lastKnownFileType = sourcecode.swift; path = YouTubeControlState.swift; sourceTree = "<group>"; };
		3CB030502618D1F700D2B91D /* YouTubeView.swift */ = {isa = PBXFileReference; lastKnownFileType = sourcecode.swift; path = YouTubeView.swift; sourceTree = "<group>"; };
		3CB030532618D4F900D2B91D /* VideoPlayerView.swift */ = {isa = PBXFileReference; lastKnownFileType = sourcecode.swift; path = VideoPlayerView.swift; sourceTree = "<group>"; };
		9679ACAFC703D109E5CF557F /* Pods-SimpleYoutubeAppTests.debug.xcconfig */ = {isa = PBXFileReference; includeInIndex = 1; lastKnownFileType = text.xcconfig; name = "Pods-SimpleYoutubeAppTests.debug.xcconfig"; path = "Target Support Files/Pods-SimpleYoutubeAppTests/Pods-SimpleYoutubeAppTests.debug.xcconfig"; sourceTree = "<group>"; };
		9EF0A0724ECB288ACA797130 /* Pods-SimpleYoutubeApp-SimpleYoutubeAppUITests.release.xcconfig */ = {isa = PBXFileReference; includeInIndex = 1; lastKnownFileType = text.xcconfig; name = "Pods-SimpleYoutubeApp-SimpleYoutubeAppUITests.release.xcconfig"; path = "Target Support Files/Pods-SimpleYoutubeApp-SimpleYoutubeAppUITests/Pods-SimpleYoutubeApp-SimpleYoutubeAppUITests.release.xcconfig"; sourceTree = "<group>"; };
		AB40C51E693D20BC779E250C /* Pods-SimpleYoutubeAppTests.release.xcconfig */ = {isa = PBXFileReference; includeInIndex = 1; lastKnownFileType = text.xcconfig; name = "Pods-SimpleYoutubeAppTests.release.xcconfig"; path = "Target Support Files/Pods-SimpleYoutubeAppTests/Pods-SimpleYoutubeAppTests.release.xcconfig"; sourceTree = "<group>"; };
		B97921E0FBAB2DD0D0CA210D /* Pods-SimpleYoutubeApp-SimpleYoutubeAppUITests.debug.xcconfig */ = {isa = PBXFileReference; includeInIndex = 1; lastKnownFileType = text.xcconfig; name = "Pods-SimpleYoutubeApp-SimpleYoutubeAppUITests.debug.xcconfig"; path = "Target Support Files/Pods-SimpleYoutubeApp-SimpleYoutubeAppUITests/Pods-SimpleYoutubeApp-SimpleYoutubeAppUITests.debug.xcconfig"; sourceTree = "<group>"; };
		D9DFE6C53128AF9C508F0909 /* Pods-SimpleYoutubeApp.release.xcconfig */ = {isa = PBXFileReference; includeInIndex = 1; lastKnownFileType = text.xcconfig; name = "Pods-SimpleYoutubeApp.release.xcconfig"; path = "Target Support Files/Pods-SimpleYoutubeApp/Pods-SimpleYoutubeApp.release.xcconfig"; sourceTree = "<group>"; };
/* End PBXFileReference section */

/* Begin PBXFrameworksBuildPhase section */
		3C1A193E2617512C002BC341 /* Frameworks */ = {
			isa = PBXFrameworksBuildPhase;
			buildActionMask = 2147483647;
			files = (
				DD31F3A96DF614CAABE227D8 /* Pods_SimpleYoutubeApp.framework in Frameworks */,
			);
			runOnlyForDeploymentPostprocessing = 0;
		};
		3C1A195726175130002BC341 /* Frameworks */ = {
			isa = PBXFrameworksBuildPhase;
			buildActionMask = 2147483647;
			files = (
				DB282DF8F2BC12BFE647743D /* Pods_SimpleYoutubeAppTests.framework in Frameworks */,
			);
			runOnlyForDeploymentPostprocessing = 0;
		};
		3C1A196226175130002BC341 /* Frameworks */ = {
			isa = PBXFrameworksBuildPhase;
			buildActionMask = 2147483647;
			files = (
				69D3D12260DD94D32B48077C /* Pods_SimpleYoutubeApp_SimpleYoutubeAppUITests.framework in Frameworks */,
			);
			runOnlyForDeploymentPostprocessing = 0;
		};
/* End PBXFrameworksBuildPhase section */

/* Begin PBXGroup section */
		3C1A19382617512C002BC341 = {
			isa = PBXGroup;
			children = (
				3C1A19432617512C002BC341 /* SimpleYoutubeApp */,
				3C1A195D26175130002BC341 /* SimpleYoutubeAppTests */,
				3C1A196826175130002BC341 /* SimpleYoutubeAppUITests */,
				3C1A19422617512C002BC341 /* Products */,
				AC2F5082F00B19D83934FE45 /* Pods */,
				93A533E93C844245428B14E8 /* Frameworks */,
			);
			sourceTree = "<group>";
		};
		3C1A19422617512C002BC341 /* Products */ = {
			isa = PBXGroup;
			children = (
				3C1A19412617512C002BC341 /* Simple YT.app */,
				3C1A195A26175130002BC341 /* SimpleYoutubeAppTests.xctest */,
				3C1A196526175130002BC341 /* SimpleYoutubeAppUITests.xctest */,
			);
			name = Products;
			sourceTree = "<group>";
		};
		3C1A19432617512C002BC341 /* SimpleYoutubeApp */ = {
			isa = PBXGroup;
			children = (
				3C1A19BA261803E2002BC341 /* Util */,
				3C1A199126177890002BC341 /* Application */,
				3C1A19852617712B002BC341 /* Data */,
				3C1A197D261758FD002BC341 /* Domain */,
				3C1A197826175417002BC341 /* Presentation */,
				3C1A19442617512C002BC341 /* AppDelegate.swift */,
				3C1A19462617512C002BC341 /* SceneDelegate.swift */,
				3C1A194D2617512F002BC341 /* Assets.xcassets */,
				3C1A19522617512F002BC341 /* LaunchScreen.storyboard */,
				3C1A19552617512F002BC341 /* Info.plist */,
				3C1A19482617512C002BC341 /* SimpleYoutubeApp.xcdatamodeld */,
				3C1A1984261769A1002BC341 /* Config.xcconfig */,
				3C1A194F2617512F002BC341 /* Preview Content */,
			);
			path = SimpleYoutubeApp;
			sourceTree = "<group>";
		};
		3C1A194F2617512F002BC341 /* Preview Content */ = {
			isa = PBXGroup;
			children = (
				3C1A19502617512F002BC341 /* Preview Assets.xcassets */,
			);
			path = "Preview Content";
			sourceTree = "<group>";
		};
		3C1A195D26175130002BC341 /* SimpleYoutubeAppTests */ = {
			isa = PBXGroup;
			children = (
				3C1A195E26175130002BC341 /* SimpleYoutubeAppTests.swift */,
				3C1A196026175130002BC341 /* Info.plist */,
			);
			path = SimpleYoutubeAppTests;
			sourceTree = "<group>";
		};
		3C1A196826175130002BC341 /* SimpleYoutubeAppUITests */ = {
			isa = PBXGroup;
			children = (
				3C1A196926175130002BC341 /* SimpleYoutubeAppUITests.swift */,
				3C1A196B26175130002BC341 /* Info.plist */,
			);
			path = SimpleYoutubeAppUITests;
			sourceTree = "<group>";
		};
		3C1A197826175417002BC341 /* Presentation */ = {
			isa = PBXGroup;
			children = (
				3C1A19AF2617EF7E002BC341 /* Common */,
				3C1A197926175426002BC341 /* Search */,
				3CB030522618D4CE00D2B91D /* VideoPlayer */,
				3CB0304D2618D12400D2B91D /* YouTubePlayer */,
			);
			path = Presentation;
			sourceTree = "<group>";
		};
		3C1A197926175426002BC341 /* Search */ = {
			isa = PBXGroup;
			children = (
				3C1A197A26175455002BC341 /* SearchView.swift */,
				3C1A19A22617AF85002BC341 /* SearchViewModel.swift */,
				3C1A19A42617C45D002BC341 /* VideoSnippetView.swift */,
				3C1A19B82617F891002BC341 /* VideoListView.swift */,
			);
			path = Search;
			sourceTree = "<group>";
		};
		3C1A197D261758FD002BC341 /* Domain */ = {
			isa = PBXGroup;
			children = (
				3C1A19992617A5C3002BC341 /* Repository */,
				3C1A197E2617590D002BC341 /* Model */,
			);
			path = Domain;
			sourceTree = "<group>";
		};
		3C1A197E2617590D002BC341 /* Model */ = {
			isa = PBXGroup;
			children = (
				3C1A197F26175929002BC341 /* VideoSnippet.swift */,
				3C1A198126175D6B002BC341 /* YoutubeAPIError.swift */,
				3C1A19972617914D002BC341 /* VideoSearchResult.swift */,
			);
			path = Model;
			sourceTree = "<group>";
		};
		3C1A19852617712B002BC341 /* Data */ = {
			isa = PBXGroup;
			children = (
				3C1A198626177152002BC341 /* Network */,
			);
			path = Data;
			sourceTree = "<group>";
		};
		3C1A198626177152002BC341 /* Network */ = {
			isa = PBXGroup;
			children = (
				3C1A199426177B27002BC341 /* Client */,
				3C1A198E26177467002BC341 /* Constant */,
				3C1A198726177186002BC341 /* YoutubeService */,
			);
			path = Network;
			sourceTree = "<group>";
		};
		3C1A198726177186002BC341 /* YoutubeService */ = {
			isa = PBXGroup;
			children = (
				3C1A1988261771AA002BC341 /* YoutubeService.swift */,
				3C1A198A261772EB002BC341 /* YoutubeServiceImpl.swift */,
				3C1A198C261773FD002BC341 /* YoutubeServiceTestImpl.swift */,
			);
			path = YoutubeService;
			sourceTree = "<group>";
		};
		3C1A198E26177467002BC341 /* Constant */ = {
			isa = PBXGroup;
			children = (
				3C1A198F261774A7002BC341 /* APIConstant.swift */,
			);
			path = Constant;
			sourceTree = "<group>";
		};
		3C1A199126177890002BC341 /* Application */ = {
			isa = PBXGroup;
			children = (
				3C1A1992261778A8002BC341 /* Configuration.swift */,
			);
			path = Application;
			sourceTree = "<group>";
		};
		3C1A199426177B27002BC341 /* Client */ = {
			isa = PBXGroup;
			children = (
				3C1A199526177B45002BC341 /* NetworkClient.swift */,
			);
			path = Client;
			sourceTree = "<group>";
		};
		3C1A19992617A5C3002BC341 /* Repository */ = {
			isa = PBXGroup;
			children = (
				3C1A199A2617A5D2002BC341 /* YoutubeRepository */,
			);
			path = Repository;
			sourceTree = "<group>";
		};
		3C1A199A2617A5D2002BC341 /* YoutubeRepository */ = {
			isa = PBXGroup;
			children = (
				3C1A199B2617A5EB002BC341 /* YoutubeRepository.swift */,
				3C1A199D2617A755002BC341 /* YoutubeRepositoryImpl.swift */,
			);
			path = YoutubeRepository;
			sourceTree = "<group>";
		};
		3C1A19AF2617EF7E002BC341 /* Common */ = {
			isa = PBXGroup;
			children = (
				3C1A19B02617EF9A002BC341 /* CustomActivityIndicator.swift */,
				3C1A19B22617F2A6002BC341 /* Color.swift */,
				3C1A19B42617F3F9002BC341 /* LoadingView.swift */,
				3C1A19B62617F488002BC341 /* ErrorView.swift */,
			);
			path = Common;
			sourceTree = "<group>";
		};
		3C1A19BA261803E2002BC341 /* Util */ = {
			isa = PBXGroup;
			children = (
				3C1A19BB261803FA002BC341 /* Date.swift */,
				3C1A19BD261807CC002BC341 /* UIApplication.swift */,
			);
			path = Util;
			sourceTree = "<group>";
		};
		3CB0304D2618D12400D2B91D /* YouTubePlayer */ = {
			isa = PBXGroup;
			children = (
				3CB0304E2618D18800D2B91D /* YouTubeControlState.swift */,
				3CB030502618D1F700D2B91D /* YouTubeView.swift */,
			);
			path = YouTubePlayer;
			sourceTree = "<group>";
		};
		3CB030522618D4CE00D2B91D /* VideoPlayer */ = {
			isa = PBXGroup;
			children = (
				3CB030532618D4F900D2B91D /* VideoPlayerView.swift */,
			);
			path = VideoPlayer;
			sourceTree = "<group>";
		};
		93A533E93C844245428B14E8 /* Frameworks */ = {
			isa = PBXGroup;
			children = (
				15595124006D481A4D87BAA4 /* Pods_SimpleYoutubeApp.framework */,
				23FE2BF32EFE79B34BBC8634 /* Pods_SimpleYoutubeApp_SimpleYoutubeAppUITests.framework */,
				3070997ABBC7B94876531614 /* Pods_SimpleYoutubeAppTests.framework */,
			);
			name = Frameworks;
			sourceTree = "<group>";
		};
		AC2F5082F00B19D83934FE45 /* Pods */ = {
			isa = PBXGroup;
			children = (
				25794365F5A9FF0C4614D280 /* Pods-SimpleYoutubeApp.debug.xcconfig */,
				D9DFE6C53128AF9C508F0909 /* Pods-SimpleYoutubeApp.release.xcconfig */,
				B97921E0FBAB2DD0D0CA210D /* Pods-SimpleYoutubeApp-SimpleYoutubeAppUITests.debug.xcconfig */,
				9EF0A0724ECB288ACA797130 /* Pods-SimpleYoutubeApp-SimpleYoutubeAppUITests.release.xcconfig */,
				9679ACAFC703D109E5CF557F /* Pods-SimpleYoutubeAppTests.debug.xcconfig */,
				AB40C51E693D20BC779E250C /* Pods-SimpleYoutubeAppTests.release.xcconfig */,
			);
			path = Pods;
			sourceTree = "<group>";
		};
/* End PBXGroup section */

/* Begin PBXNativeTarget section */
		3C1A19402617512C002BC341 /* SimpleYoutubeApp */ = {
			isa = PBXNativeTarget;
			buildConfigurationList = 3C1A196E26175130002BC341 /* Build configuration list for PBXNativeTarget "SimpleYoutubeApp" */;
			buildPhases = (
				BD67DE9A15B90F4B608DE485 /* [CP] Check Pods Manifest.lock */,
				3C1A193D2617512C002BC341 /* Sources */,
				3C1A193E2617512C002BC341 /* Frameworks */,
				3C1A193F2617512C002BC341 /* Resources */,
				FA3E8E318BF8B9D074216CA8 /* [CP] Embed Pods Frameworks */,
			);
			buildRules = (
			);
			dependencies = (
			);
			name = SimpleYoutubeApp;
			productName = SimpleYoutubeApp;
			productReference = 3C1A19412617512C002BC341 /* Simple YT.app */;
			productType = "com.apple.product-type.application";
		};
		3C1A195926175130002BC341 /* SimpleYoutubeAppTests */ = {
			isa = PBXNativeTarget;
			buildConfigurationList = 3C1A197126175130002BC341 /* Build configuration list for PBXNativeTarget "SimpleYoutubeAppTests" */;
			buildPhases = (
				CE37F21648FFB0124AF2A3B4 /* [CP] Check Pods Manifest.lock */,
				3C1A195626175130002BC341 /* Sources */,
				3C1A195726175130002BC341 /* Frameworks */,
				3C1A195826175130002BC341 /* Resources */,
			);
			buildRules = (
			);
			dependencies = (
				3C1A195C26175130002BC341 /* PBXTargetDependency */,
			);
			name = SimpleYoutubeAppTests;
			productName = SimpleYoutubeAppTests;
			productReference = 3C1A195A26175130002BC341 /* SimpleYoutubeAppTests.xctest */;
			productType = "com.apple.product-type.bundle.unit-test";
		};
		3C1A196426175130002BC341 /* SimpleYoutubeAppUITests */ = {
			isa = PBXNativeTarget;
			buildConfigurationList = 3C1A197426175130002BC341 /* Build configuration list for PBXNativeTarget "SimpleYoutubeAppUITests" */;
			buildPhases = (
				CF7387811636A6A33731F1EC /* [CP] Check Pods Manifest.lock */,
				3C1A196126175130002BC341 /* Sources */,
				3C1A196226175130002BC341 /* Frameworks */,
				3C1A196326175130002BC341 /* Resources */,
				4844309D6318020596443221 /* [CP] Embed Pods Frameworks */,
			);
			buildRules = (
			);
			dependencies = (
				3C1A196726175130002BC341 /* PBXTargetDependency */,
			);
			name = SimpleYoutubeAppUITests;
			productName = SimpleYoutubeAppUITests;
			productReference = 3C1A196526175130002BC341 /* SimpleYoutubeAppUITests.xctest */;
			productType = "com.apple.product-type.bundle.ui-testing";
		};
/* End PBXNativeTarget section */

/* Begin PBXProject section */
		3C1A19392617512C002BC341 /* Project object */ = {
			isa = PBXProject;
			attributes = {
				LastSwiftUpdateCheck = 1140;
				LastUpgradeCheck = 1140;
				ORGANIZATIONNAME = "Fabi Diartt";
				TargetAttributes = {
					3C1A19402617512C002BC341 = {
						CreatedOnToolsVersion = 11.4.1;
					};
					3C1A195926175130002BC341 = {
						CreatedOnToolsVersion = 11.4.1;
						TestTargetID = 3C1A19402617512C002BC341;
					};
					3C1A196426175130002BC341 = {
						CreatedOnToolsVersion = 11.4.1;
						TestTargetID = 3C1A19402617512C002BC341;
					};
				};
			};
			buildConfigurationList = 3C1A193C2617512C002BC341 /* Build configuration list for PBXProject "SimpleYoutubeApp" */;
			compatibilityVersion = "Xcode 9.3";
			developmentRegion = en;
			hasScannedForEncodings = 0;
			knownRegions = (
				en,
				Base,
			);
			mainGroup = 3C1A19382617512C002BC341;
			productRefGroup = 3C1A19422617512C002BC341 /* Products */;
			projectDirPath = "";
			projectRoot = "";
			targets = (
				3C1A19402617512C002BC341 /* SimpleYoutubeApp */,
				3C1A195926175130002BC341 /* SimpleYoutubeAppTests */,
				3C1A196426175130002BC341 /* SimpleYoutubeAppUITests */,
			);
		};
/* End PBXProject section */

/* Begin PBXResourcesBuildPhase section */
		3C1A193F2617512C002BC341 /* Resources */ = {
			isa = PBXResourcesBuildPhase;
			buildActionMask = 2147483647;
			files = (
				3C1A19542617512F002BC341 /* LaunchScreen.storyboard in Resources */,
				3C1A19512617512F002BC341 /* Preview Assets.xcassets in Resources */,
				3C1A194E2617512F002BC341 /* Assets.xcassets in Resources */,
			);
			runOnlyForDeploymentPostprocessing = 0;
		};
		3C1A195826175130002BC341 /* Resources */ = {
			isa = PBXResourcesBuildPhase;
			buildActionMask = 2147483647;
			files = (
			);
			runOnlyForDeploymentPostprocessing = 0;
		};
		3C1A196326175130002BC341 /* Resources */ = {
			isa = PBXResourcesBuildPhase;
			buildActionMask = 2147483647;
			files = (
			);
			runOnlyForDeploymentPostprocessing = 0;
		};
/* End PBXResourcesBuildPhase section */

/* Begin PBXShellScriptBuildPhase section */
		4844309D6318020596443221 /* [CP] Embed Pods Frameworks */ = {
			isa = PBXShellScriptBuildPhase;
			buildActionMask = 2147483647;
			files = (
			);
			inputFileListPaths = (
				"${PODS_ROOT}/Target Support Files/Pods-SimpleYoutubeApp-SimpleYoutubeAppUITests/Pods-SimpleYoutubeApp-SimpleYoutubeAppUITests-frameworks-${CONFIGURATION}-input-files.xcfilelist",
			);
			name = "[CP] Embed Pods Frameworks";
			outputFileListPaths = (
				"${PODS_ROOT}/Target Support Files/Pods-SimpleYoutubeApp-SimpleYoutubeAppUITests/Pods-SimpleYoutubeApp-SimpleYoutubeAppUITests-frameworks-${CONFIGURATION}-output-files.xcfilelist",
			);
			runOnlyForDeploymentPostprocessing = 0;
			shellPath = /bin/sh;
			shellScript = "\"${PODS_ROOT}/Target Support Files/Pods-SimpleYoutubeApp-SimpleYoutubeAppUITests/Pods-SimpleYoutubeApp-SimpleYoutubeAppUITests-frameworks.sh\"\n";
			showEnvVarsInLog = 0;
		};
		BD67DE9A15B90F4B608DE485 /* [CP] Check Pods Manifest.lock */ = {
			isa = PBXShellScriptBuildPhase;
			buildActionMask = 2147483647;
			files = (
			);
			inputFileListPaths = (
			);
			inputPaths = (
				"${PODS_PODFILE_DIR_PATH}/Podfile.lock",
				"${PODS_ROOT}/Manifest.lock",
			);
			name = "[CP] Check Pods Manifest.lock";
			outputFileListPaths = (
			);
			outputPaths = (
				"$(DERIVED_FILE_DIR)/Pods-SimpleYoutubeApp-checkManifestLockResult.txt",
			);
			runOnlyForDeploymentPostprocessing = 0;
			shellPath = /bin/sh;
			shellScript = "diff \"${PODS_PODFILE_DIR_PATH}/Podfile.lock\" \"${PODS_ROOT}/Manifest.lock\" > /dev/null\nif [ $? != 0 ] ; then\n    # print error to STDERR\n    echo \"error: The sandbox is not in sync with the Podfile.lock. Run 'pod install' or update your CocoaPods installation.\" >&2\n    exit 1\nfi\n# This output is used by Xcode 'outputs' to avoid re-running this script phase.\necho \"SUCCESS\" > \"${SCRIPT_OUTPUT_FILE_0}\"\n";
			showEnvVarsInLog = 0;
		};
		CE37F21648FFB0124AF2A3B4 /* [CP] Check Pods Manifest.lock */ = {
			isa = PBXShellScriptBuildPhase;
			buildActionMask = 2147483647;
			files = (
			);
			inputFileListPaths = (
			);
			inputPaths = (
				"${PODS_PODFILE_DIR_PATH}/Podfile.lock",
				"${PODS_ROOT}/Manifest.lock",
			);
			name = "[CP] Check Pods Manifest.lock";
			outputFileListPaths = (
			);
			outputPaths = (
				"$(DERIVED_FILE_DIR)/Pods-SimpleYoutubeAppTests-checkManifestLockResult.txt",
			);
			runOnlyForDeploymentPostprocessing = 0;
			shellPath = /bin/sh;
			shellScript = "diff \"${PODS_PODFILE_DIR_PATH}/Podfile.lock\" \"${PODS_ROOT}/Manifest.lock\" > /dev/null\nif [ $? != 0 ] ; then\n    # print error to STDERR\n    echo \"error: The sandbox is not in sync with the Podfile.lock. Run 'pod install' or update your CocoaPods installation.\" >&2\n    exit 1\nfi\n# This output is used by Xcode 'outputs' to avoid re-running this script phase.\necho \"SUCCESS\" > \"${SCRIPT_OUTPUT_FILE_0}\"\n";
			showEnvVarsInLog = 0;
		};
		CF7387811636A6A33731F1EC /* [CP] Check Pods Manifest.lock */ = {
			isa = PBXShellScriptBuildPhase;
			buildActionMask = 2147483647;
			files = (
			);
			inputFileListPaths = (
			);
			inputPaths = (
				"${PODS_PODFILE_DIR_PATH}/Podfile.lock",
				"${PODS_ROOT}/Manifest.lock",
			);
			name = "[CP] Check Pods Manifest.lock";
			outputFileListPaths = (
			);
			outputPaths = (
				"$(DERIVED_FILE_DIR)/Pods-SimpleYoutubeApp-SimpleYoutubeAppUITests-checkManifestLockResult.txt",
			);
			runOnlyForDeploymentPostprocessing = 0;
			shellPath = /bin/sh;
			shellScript = "diff \"${PODS_PODFILE_DIR_PATH}/Podfile.lock\" \"${PODS_ROOT}/Manifest.lock\" > /dev/null\nif [ $? != 0 ] ; then\n    # print error to STDERR\n    echo \"error: The sandbox is not in sync with the Podfile.lock. Run 'pod install' or update your CocoaPods installation.\" >&2\n    exit 1\nfi\n# This output is used by Xcode 'outputs' to avoid re-running this script phase.\necho \"SUCCESS\" > \"${SCRIPT_OUTPUT_FILE_0}\"\n";
			showEnvVarsInLog = 0;
		};
		FA3E8E318BF8B9D074216CA8 /* [CP] Embed Pods Frameworks */ = {
			isa = PBXShellScriptBuildPhase;
			buildActionMask = 2147483647;
			files = (
			);
			inputFileListPaths = (
				"${PODS_ROOT}/Target Support Files/Pods-SimpleYoutubeApp/Pods-SimpleYoutubeApp-frameworks-${CONFIGURATION}-input-files.xcfilelist",
			);
			name = "[CP] Embed Pods Frameworks";
			outputFileListPaths = (
				"${PODS_ROOT}/Target Support Files/Pods-SimpleYoutubeApp/Pods-SimpleYoutubeApp-frameworks-${CONFIGURATION}-output-files.xcfilelist",
			);
			runOnlyForDeploymentPostprocessing = 0;
			shellPath = /bin/sh;
			shellScript = "\"${PODS_ROOT}/Target Support Files/Pods-SimpleYoutubeApp/Pods-SimpleYoutubeApp-frameworks.sh\"\n";
			showEnvVarsInLog = 0;
		};
/* End PBXShellScriptBuildPhase section */

/* Begin PBXSourcesBuildPhase section */
		3C1A193D2617512C002BC341 /* Sources */ = {
			isa = PBXSourcesBuildPhase;
			buildActionMask = 2147483647;
			files = (
				3C1A19BE261807CC002BC341 /* UIApplication.swift in Sources */,
				3C1A19BC261803FA002BC341 /* Date.swift in Sources */,
				3C1A197B26175455002BC341 /* SearchView.swift in Sources */,
				3C1A198226175D6B002BC341 /* YoutubeAPIError.swift in Sources */,
				3C1A19A32617AF85002BC341 /* SearchViewModel.swift in Sources */,
				3C1A1989261771AA002BC341 /* YoutubeService.swift in Sources */,
				3C1A19B72617F488002BC341 /* ErrorView.swift in Sources */,
				3C1A198B261772EB002BC341 /* YoutubeServiceImpl.swift in Sources */,
				3C1A19B12617EF9A002BC341 /* CustomActivityIndicator.swift in Sources */,
				3CB0304F2618D18800D2B91D /* YouTubeControlState.swift in Sources */,
				3C1A19452617512C002BC341 /* AppDelegate.swift in Sources */,
				3C1A198D261773FD002BC341 /* YoutubeServiceTestImpl.swift in Sources */,
				3C1A19472617512C002BC341 /* SceneDelegate.swift in Sources */,
				3C1A198026175929002BC341 /* VideoSnippet.swift in Sources */,
				3C1A1990261774A7002BC341 /* APIConstant.swift in Sources */,
				3C1A19B32617F2A6002BC341 /* Color.swift in Sources */,
				3C1A19A52617C45D002BC341 /* VideoSnippetView.swift in Sources */,
				3C1A19B92617F891002BC341 /* VideoListView.swift in Sources */,
				3C1A19B52617F3F9002BC341 /* LoadingView.swift in Sources */,
				3C1A199E2617A755002BC341 /* YoutubeRepositoryImpl.swift in Sources */,
				3C1A194A2617512C002BC341 /* SimpleYoutubeApp.xcdatamodeld in Sources */,
				3C1A1993261778A8002BC341 /* Configuration.swift in Sources */,
				3CB030512618D1F700D2B91D /* YouTubeView.swift in Sources */,
				3CB030542618D4F900D2B91D /* VideoPlayerView.swift in Sources */,
				3C1A199626177B45002BC341 /* NetworkClient.swift in Sources */,
				3C1A19982617914D002BC341 /* VideoSearchResult.swift in Sources */,
				3C1A199C2617A5EB002BC341 /* YoutubeRepository.swift in Sources */,
			);
			runOnlyForDeploymentPostprocessing = 0;
		};
		3C1A195626175130002BC341 /* Sources */ = {
			isa = PBXSourcesBuildPhase;
			buildActionMask = 2147483647;
			files = (
				3C1A195F26175130002BC341 /* SimpleYoutubeAppTests.swift in Sources */,
			);
			runOnlyForDeploymentPostprocessing = 0;
		};
		3C1A196126175130002BC341 /* Sources */ = {
			isa = PBXSourcesBuildPhase;
			buildActionMask = 2147483647;
			files = (
				3C1A196A26175130002BC341 /* SimpleYoutubeAppUITests.swift in Sources */,
			);
			runOnlyForDeploymentPostprocessing = 0;
		};
/* End PBXSourcesBuildPhase section */

/* Begin PBXTargetDependency section */
		3C1A195C26175130002BC341 /* PBXTargetDependency */ = {
			isa = PBXTargetDependency;
			target = 3C1A19402617512C002BC341 /* SimpleYoutubeApp */;
			targetProxy = 3C1A195B26175130002BC341 /* PBXContainerItemProxy */;
		};
		3C1A196726175130002BC341 /* PBXTargetDependency */ = {
			isa = PBXTargetDependency;
			target = 3C1A19402617512C002BC341 /* SimpleYoutubeApp */;
			targetProxy = 3C1A196626175130002BC341 /* PBXContainerItemProxy */;
		};
/* End PBXTargetDependency section */

/* Begin PBXVariantGroup section */
		3C1A19522617512F002BC341 /* LaunchScreen.storyboard */ = {
			isa = PBXVariantGroup;
			children = (
				3C1A19532617512F002BC341 /* Base */,
			);
			name = LaunchScreen.storyboard;
			sourceTree = "<group>";
		};
/* End PBXVariantGroup section */

/* Begin XCBuildConfiguration section */
		3C1A196C26175130002BC341 /* Debug */ = {
			isa = XCBuildConfiguration;
			baseConfigurationReference = 3C1A1984261769A1002BC341 /* Config.xcconfig */;
			buildSettings = {
				ALWAYS_SEARCH_USER_PATHS = NO;
				CLANG_ANALYZER_NONNULL = YES;
				CLANG_ANALYZER_NUMBER_OBJECT_CONVERSION = YES_AGGRESSIVE;
				CLANG_CXX_LANGUAGE_STANDARD = "gnu++14";
				CLANG_CXX_LIBRARY = "libc++";
				CLANG_ENABLE_MODULES = YES;
				CLANG_ENABLE_OBJC_ARC = YES;
				CLANG_ENABLE_OBJC_WEAK = YES;
				CLANG_WARN_BLOCK_CAPTURE_AUTORELEASING = YES;
				CLANG_WARN_BOOL_CONVERSION = YES;
				CLANG_WARN_COMMA = YES;
				CLANG_WARN_CONSTANT_CONVERSION = YES;
				CLANG_WARN_DEPRECATED_OBJC_IMPLEMENTATIONS = YES;
				CLANG_WARN_DIRECT_OBJC_ISA_USAGE = YES_ERROR;
				CLANG_WARN_DOCUMENTATION_COMMENTS = YES;
				CLANG_WARN_EMPTY_BODY = YES;
				CLANG_WARN_ENUM_CONVERSION = YES;
				CLANG_WARN_INFINITE_RECURSION = YES;
				CLANG_WARN_INT_CONVERSION = YES;
				CLANG_WARN_NON_LITERAL_NULL_CONVERSION = YES;
				CLANG_WARN_OBJC_IMPLICIT_RETAIN_SELF = YES;
				CLANG_WARN_OBJC_LITERAL_CONVERSION = YES;
				CLANG_WARN_OBJC_ROOT_CLASS = YES_ERROR;
				CLANG_WARN_RANGE_LOOP_ANALYSIS = YES;
				CLANG_WARN_STRICT_PROTOTYPES = YES;
				CLANG_WARN_SUSPICIOUS_MOVE = YES;
				CLANG_WARN_UNGUARDED_AVAILABILITY = YES_AGGRESSIVE;
				CLANG_WARN_UNREACHABLE_CODE = YES;
				CLANG_WARN__DUPLICATE_METHOD_MATCH = YES;
				COPY_PHASE_STRIP = NO;
				DEBUG_INFORMATION_FORMAT = dwarf;
				ENABLE_STRICT_OBJC_MSGSEND = YES;
				ENABLE_TESTABILITY = YES;
				GCC_C_LANGUAGE_STANDARD = gnu11;
				GCC_DYNAMIC_NO_PIC = NO;
				GCC_NO_COMMON_BLOCKS = YES;
				GCC_OPTIMIZATION_LEVEL = 0;
				GCC_PREPROCESSOR_DEFINITIONS = (
					"DEBUG=1",
					"$(inherited)",
				);
				GCC_WARN_64_TO_32_BIT_CONVERSION = YES;
				GCC_WARN_ABOUT_RETURN_TYPE = YES_ERROR;
				GCC_WARN_UNDECLARED_SELECTOR = YES;
				GCC_WARN_UNINITIALIZED_AUTOS = YES_AGGRESSIVE;
				GCC_WARN_UNUSED_FUNCTION = YES;
				GCC_WARN_UNUSED_VARIABLE = YES;
				IPHONEOS_DEPLOYMENT_TARGET = 13.4;
				MTL_ENABLE_DEBUG_INFO = INCLUDE_SOURCE;
				MTL_FAST_MATH = YES;
				ONLY_ACTIVE_ARCH = YES;
				SDKROOT = iphoneos;
				SWIFT_ACTIVE_COMPILATION_CONDITIONS = DEBUG;
				SWIFT_OPTIMIZATION_LEVEL = "-Onone";
			};
			name = Debug;
		};
		3C1A196D26175130002BC341 /* Release */ = {
			isa = XCBuildConfiguration;
			baseConfigurationReference = 3C1A1984261769A1002BC341 /* Config.xcconfig */;
			buildSettings = {
				ALWAYS_SEARCH_USER_PATHS = NO;
				CLANG_ANALYZER_NONNULL = YES;
				CLANG_ANALYZER_NUMBER_OBJECT_CONVERSION = YES_AGGRESSIVE;
				CLANG_CXX_LANGUAGE_STANDARD = "gnu++14";
				CLANG_CXX_LIBRARY = "libc++";
				CLANG_ENABLE_MODULES = YES;
				CLANG_ENABLE_OBJC_ARC = YES;
				CLANG_ENABLE_OBJC_WEAK = YES;
				CLANG_WARN_BLOCK_CAPTURE_AUTORELEASING = YES;
				CLANG_WARN_BOOL_CONVERSION = YES;
				CLANG_WARN_COMMA = YES;
				CLANG_WARN_CONSTANT_CONVERSION = YES;
				CLANG_WARN_DEPRECATED_OBJC_IMPLEMENTATIONS = YES;
				CLANG_WARN_DIRECT_OBJC_ISA_USAGE = YES_ERROR;
				CLANG_WARN_DOCUMENTATION_COMMENTS = YES;
				CLANG_WARN_EMPTY_BODY = YES;
				CLANG_WARN_ENUM_CONVERSION = YES;
				CLANG_WARN_INFINITE_RECURSION = YES;
				CLANG_WARN_INT_CONVERSION = YES;
				CLANG_WARN_NON_LITERAL_NULL_CONVERSION = YES;
				CLANG_WARN_OBJC_IMPLICIT_RETAIN_SELF = YES;
				CLANG_WARN_OBJC_LITERAL_CONVERSION = YES;
				CLANG_WARN_OBJC_ROOT_CLASS = YES_ERROR;
				CLANG_WARN_RANGE_LOOP_ANALYSIS = YES;
				CLANG_WARN_STRICT_PROTOTYPES = YES;
				CLANG_WARN_SUSPICIOUS_MOVE = YES;
				CLANG_WARN_UNGUARDED_AVAILABILITY = YES_AGGRESSIVE;
				CLANG_WARN_UNREACHABLE_CODE = YES;
				CLANG_WARN__DUPLICATE_METHOD_MATCH = YES;
				COPY_PHASE_STRIP = NO;
				DEBUG_INFORMATION_FORMAT = "dwarf-with-dsym";
				ENABLE_NS_ASSERTIONS = NO;
				ENABLE_STRICT_OBJC_MSGSEND = YES;
				GCC_C_LANGUAGE_STANDARD = gnu11;
				GCC_NO_COMMON_BLOCKS = YES;
				GCC_WARN_64_TO_32_BIT_CONVERSION = YES;
				GCC_WARN_ABOUT_RETURN_TYPE = YES_ERROR;
				GCC_WARN_UNDECLARED_SELECTOR = YES;
				GCC_WARN_UNINITIALIZED_AUTOS = YES_AGGRESSIVE;
				GCC_WARN_UNUSED_FUNCTION = YES;
				GCC_WARN_UNUSED_VARIABLE = YES;
				IPHONEOS_DEPLOYMENT_TARGET = 13.4;
				MTL_ENABLE_DEBUG_INFO = NO;
				MTL_FAST_MATH = YES;
				SDKROOT = iphoneos;
				SWIFT_COMPILATION_MODE = wholemodule;
				SWIFT_OPTIMIZATION_LEVEL = "-O";
				VALIDATE_PRODUCT = YES;
			};
			name = Release;
		};
		3C1A196F26175130002BC341 /* Debug */ = {
			isa = XCBuildConfiguration;
			baseConfigurationReference = 25794365F5A9FF0C4614D280 /* Pods-SimpleYoutubeApp.debug.xcconfig */;
			buildSettings = {
				ASSETCATALOG_COMPILER_APPICON_NAME = AppIcon;
				CODE_SIGN_STYLE = Automatic;
				DEVELOPMENT_ASSET_PATHS = "\"SimpleYoutubeApp/Preview Content\"";
				ENABLE_PREVIEWS = YES;
				INFOPLIST_FILE = SimpleYoutubeApp/Info.plist;
				LD_RUNPATH_SEARCH_PATHS = (
					"$(inherited)",
					"@executable_path/Frameworks",
				);
				PRODUCT_BUNDLE_IDENTIFIER = com.fabirt.SimpleYoutubeApp;
				PRODUCT_NAME = "Simple YT";
				SWIFT_VERSION = 5.0;
				TARGETED_DEVICE_FAMILY = 1;
			};
			name = Debug;
		};
		3C1A197026175130002BC341 /* Release */ = {
			isa = XCBuildConfiguration;
			baseConfigurationReference = D9DFE6C53128AF9C508F0909 /* Pods-SimpleYoutubeApp.release.xcconfig */;
			buildSettings = {
				ASSETCATALOG_COMPILER_APPICON_NAME = AppIcon;
				CODE_SIGN_STYLE = Automatic;
				DEVELOPMENT_ASSET_PATHS = "\"SimpleYoutubeApp/Preview Content\"";
				ENABLE_PREVIEWS = YES;
				INFOPLIST_FILE = SimpleYoutubeApp/Info.plist;
				LD_RUNPATH_SEARCH_PATHS = (
					"$(inherited)",
					"@executable_path/Frameworks",
				);
				PRODUCT_BUNDLE_IDENTIFIER = com.fabirt.SimpleYoutubeApp;
				PRODUCT_NAME = "Simple YT";
				SWIFT_VERSION = 5.0;
				TARGETED_DEVICE_FAMILY = 1;
			};
			name = Release;
		};
		3C1A197226175130002BC341 /* Debug */ = {
			isa = XCBuildConfiguration;
			baseConfigurationReference = 9679ACAFC703D109E5CF557F /* Pods-SimpleYoutubeAppTests.debug.xcconfig */;
			buildSettings = {
				ALWAYS_EMBED_SWIFT_STANDARD_LIBRARIES = YES;
				BUNDLE_LOADER = "$(TEST_HOST)";
				CODE_SIGN_STYLE = Automatic;
				INFOPLIST_FILE = SimpleYoutubeAppTests/Info.plist;
				IPHONEOS_DEPLOYMENT_TARGET = 13.4;
				LD_RUNPATH_SEARCH_PATHS = (
					"$(inherited)",
					"@executable_path/Frameworks",
					"@loader_path/Frameworks",
				);
				PRODUCT_BUNDLE_IDENTIFIER = com.fabirt.SimpleYoutubeAppTests;
				PRODUCT_NAME = "$(TARGET_NAME)";
				SWIFT_VERSION = 5.0;
				TARGETED_DEVICE_FAMILY = "1,2";
				TEST_HOST = "$(BUILT_PRODUCTS_DIR)/SimpleYoutubeApp.app/SimpleYoutubeApp";
			};
			name = Debug;
		};
		3C1A197326175130002BC341 /* Release */ = {
			isa = XCBuildConfiguration;
			baseConfigurationReference = AB40C51E693D20BC779E250C /* Pods-SimpleYoutubeAppTests.release.xcconfig */;
			buildSettings = {
				ALWAYS_EMBED_SWIFT_STANDARD_LIBRARIES = YES;
				BUNDLE_LOADER = "$(TEST_HOST)";
				CODE_SIGN_STYLE = Automatic;
				INFOPLIST_FILE = SimpleYoutubeAppTests/Info.plist;
				IPHONEOS_DEPLOYMENT_TARGET = 13.4;
				LD_RUNPATH_SEARCH_PATHS = (
					"$(inherited)",
					"@executable_path/Frameworks",
					"@loader_path/Frameworks",
				);
				PRODUCT_BUNDLE_IDENTIFIER = com.fabirt.SimpleYoutubeAppTests;
				PRODUCT_NAME = "$(TARGET_NAME)";
				SWIFT_VERSION = 5.0;
				TARGETED_DEVICE_FAMILY = "1,2";
				TEST_HOST = "$(BUILT_PRODUCTS_DIR)/SimpleYoutubeApp.app/SimpleYoutubeApp";
			};
			name = Release;
		};
		3C1A197526175130002BC341 /* Debug */ = {
			isa = XCBuildConfiguration;
			baseConfigurationReference = B97921E0FBAB2DD0D0CA210D /* Pods-SimpleYoutubeApp-SimpleYoutubeAppUITests.debug.xcconfig */;
			buildSettings = {
				ALWAYS_EMBED_SWIFT_STANDARD_LIBRARIES = YES;
				CODE_SIGN_STYLE = Automatic;
				INFOPLIST_FILE = SimpleYoutubeAppUITests/Info.plist;
				LD_RUNPATH_SEARCH_PATHS = (
					"$(inherited)",
					"@executable_path/Frameworks",
					"@loader_path/Frameworks",
				);
				PRODUCT_BUNDLE_IDENTIFIER = com.fabirt.SimpleYoutubeAppUITests;
				PRODUCT_NAME = "$(TARGET_NAME)";
				SWIFT_VERSION = 5.0;
				TARGETED_DEVICE_FAMILY = "1,2";
				TEST_TARGET_NAME = SimpleYoutubeApp;
			};
			name = Debug;
		};
		3C1A197626175130002BC341 /* Release */ = {
			isa = XCBuildConfiguration;
			baseConfigurationReference = 9EF0A0724ECB288ACA797130 /* Pods-SimpleYoutubeApp-SimpleYoutubeAppUITests.release.xcconfig */;
			buildSettings = {
				ALWAYS_EMBED_SWIFT_STANDARD_LIBRARIES = YES;
				CODE_SIGN_STYLE = Automatic;
				INFOPLIST_FILE = SimpleYoutubeAppUITests/Info.plist;
				LD_RUNPATH_SEARCH_PATHS = (
					"$(inherited)",
					"@executable_path/Frameworks",
					"@loader_path/Frameworks",
				);
				PRODUCT_BUNDLE_IDENTIFIER = com.fabirt.SimpleYoutubeAppUITests;
				PRODUCT_NAME = "$(TARGET_NAME)";
				SWIFT_VERSION = 5.0;
				TARGETED_DEVICE_FAMILY = "1,2";
				TEST_TARGET_NAME = SimpleYoutubeApp;
			};
			name = Release;
		};
/* End XCBuildConfiguration section */

/* Begin XCConfigurationList section */
		3C1A193C2617512C002BC341 /* Build configuration list for PBXProject "SimpleYoutubeApp" */ = {
			isa = XCConfigurationList;
			buildConfigurations = (
				3C1A196C26175130002BC341 /* Debug */,
				3C1A196D26175130002BC341 /* Release */,
			);
			defaultConfigurationIsVisible = 0;
			defaultConfigurationName = Release;
		};
		3C1A196E26175130002BC341 /* Build configuration list for PBXNativeTarget "SimpleYoutubeApp" */ = {
			isa = XCConfigurationList;
			buildConfigurations = (
				3C1A196F26175130002BC341 /* Debug */,
				3C1A197026175130002BC341 /* Release */,
			);
			defaultConfigurationIsVisible = 0;
			defaultConfigurationName = Release;
		};
		3C1A197126175130002BC341 /* Build configuration list for PBXNativeTarget "SimpleYoutubeAppTests" */ = {
			isa = XCConfigurationList;
			buildConfigurations = (
				3C1A197226175130002BC341 /* Debug */,
				3C1A197326175130002BC341 /* Release */,
			);
			defaultConfigurationIsVisible = 0;
			defaultConfigurationName = Release;
		};
		3C1A197426175130002BC341 /* Build configuration list for PBXNativeTarget "SimpleYoutubeAppUITests" */ = {
			isa = XCConfigurationList;
			buildConfigurations = (
				3C1A197526175130002BC341 /* Debug */,
				3C1A197626175130002BC341 /* Release */,
			);
			defaultConfigurationIsVisible = 0;
			defaultConfigurationName = Release;
		};
/* End XCConfigurationList section */

/* Begin XCVersionGroup section */
		3C1A19482617512C002BC341 /* SimpleYoutubeApp.xcdatamodeld */ = {
			isa = XCVersionGroup;
			children = (
				3C1A19492617512C002BC341 /* SimpleYoutubeApp.xcdatamodel */,
			);
			currentVersion = 3C1A19492617512C002BC341 /* SimpleYoutubeApp.xcdatamodel */;
			path = SimpleYoutubeApp.xcdatamodeld;
			sourceTree = "<group>";
			versionGroupType = wrapper.xcdatamodel;
		};
/* End XCVersionGroup section */
	};
	rootObject = 3C1A19392617512C002BC341 /* Project object */;
}
